
Microsoft Visual Studio Solution File, Format Version 12.00
# Visual Studio Version 16
VisualStudioVersion = 16.0.29926.136
MinimumVisualStudioVersion = 10.0.40219.1
Project("{9A19103F-16F7-4668-BE54-9A1E7A4F7556}") = "Lesson005_HW2", "Lesson005_HW1\Lesson005_HW2.csproj", "{E54EBFCB-2F26-49EE-8327-036961B2B109}"
EndProject
Project("{9A19103F-16F7-4668-BE54-9A1E7A4F7556}") = "Lesson005_HW3", "Lesson005_HW2\Lesson005_HW3.csproj", "{6F395034-1332-4342-AC3E-2F38D4671B96}"
EndProject
Project("{FAE04EC0-301F-11D3-BF4B-00C04F79EFBC}") = "Lesson005_HW4", "Lesson005_HW3\Lesson005_HW4.csproj", "{62839B4D-EA87-4790-A922-0F5D10FF560F}"
EndProject
Project("{FAE04EC0-301F-11D3-BF4B-00C04F79EFBC}") = "Lesson005_HW5", "Lesson005_HW5\Lesson005_HW5.csproj", "{C4CB7F29-85C4-4E01-B1B1-9983F7A0053D}"
EndProject
Global
	GlobalSection(SolutionConfigurationPlatforms) = preSolution
		Debug|Any CPU = Debug|Any CPU
		Release|Any CPU = Release|Any CPU
	EndGlobalSection
	GlobalSection(ProjectConfigurationPlatforms) = postSolution
		{E54EBFCB-2F26-49EE-8327-036961B2B109}.Debug|Any CPU.ActiveCfg = Debug|Any CPU
		{E54EBFCB-2F26-49EE-8327-036961B2B109}.Debug|Any CPU.Build.0 = Debug|Any CPU
		{E54EBFCB-2F26-49EE-8327-036961B2B109}.Release|Any CPU.ActiveCfg = Release|Any CPU
		{E54EBFCB-2F26-49EE-8327-036961B2B109}.Release|Any CPU.Build.0 = Release|Any CPU
		{6F395034-1332-4342-AC3E-2F38D4671B96}.Debug|Any CPU.ActiveCfg = Debug|Any CPU
		{6F395034-1332-4342-AC3E-2F38D4671B96}.Debug|Any CPU.Build.0 = Debug|Any CPU
		{6F395034-1332-4342-AC3E-2F38D4671B96}.Release|Any CPU.ActiveCfg = Release|Any CPU
		{6F395034-1332-4342-AC3E-2F38D4671B96}.Release|Any CPU.Build.0 = Release|Any CPU
		{62839B4D-EA87-4790-A922-0F5D10FF560F}.Debug|Any CPU.ActiveCfg = Debug|Any CPU
		{62839B4D-EA87-4790-A922-0F5D10FF560F}.Debug|Any CPU.Build.0 = Debug|Any CPU
		{62839B4D-EA87-4790-A922-0F5D10FF560F}.Release|Any CPU.ActiveCfg = Release|Any CPU
		{62839B4D-EA87-4790-A922-0F5D10FF560F}.Release|Any CPU.Build.0 = Release|Any CPU
		{C4CB7F29-85C4-4E01-B1B1-9983F7A0053D}.Debug|Any CPU.ActiveCfg = Debug|Any CPU
		{C4CB7F29-85C4-4E01-B1B1-9983F7A0053D}.Debug|Any CPU.Build.0 = Debug|Any CPU
		{C4CB7F29-85C4-4E01-B1B1-9983F7A0053D}.Release|Any CPU.ActiveCfg = Release|Any CPU
		{C4CB7F29-85C4-4E01-B1B1-9983F7A0053D}.Release|Any CPU.Build.0 = Release|Any CPU
	EndGlobalSection
	GlobalSection(SolutionProperties) = preSolution
		HideSolutionNode = FALSE
	EndGlobalSection
	GlobalSection(ExtensibilityGlobals) = postSolution
		SolutionGuid = {F3C1ED38-930A-473A-AC31-AC675C8E16CC}
	EndGlobalSection
EndGlobal
